
Microsoft Visual Studio Solution File, Format Version 12.00
# Visual Studio Version 16
VisualStudioVersion = 16.0.29009.5
MinimumVisualStudioVersion = 10.0.40219.1
Project("{9A19103F-16F7-4668-BE54-9A1E7A4F7556}") = "Phase.Translator", "Phase.Translator\Phase.Translator.csproj", "{AEED0B9F-56D8-4C22-B06B-E25A790EB18C}"
EndProject
Project("{9A19103F-16F7-4668-BE54-9A1E7A4F7556}") = "Phase.Cli", "Phase.Cli\Phase.Cli.csproj", "{53CD4F4B-0E79-401D-94C5-6C41F3EF067E}"
EndProject
Project("{9A19103F-16F7-4668-BE54-9A1E7A4F7556}") = "Phase.Core", "Phase.Core\Phase.Core.csproj", "{F72B92C0-73D5-4C61-9D44-F679B017FA64}"
EndProject
Project("{9A19103F-16F7-4668-BE54-9A1E7A4F7556}") = "Phase.Haxe.Js", "Phase.Haxe.Js\Phase.Haxe.Js.csproj", "{CCA5F531-A2C5-4FE2-9DA2-CB9FBB96853C}"
EndProject
Project("{9A19103F-16F7-4668-BE54-9A1E7A4F7556}") = "Phase.MsBuild", "Phase.MsBuild\Phase.MsBuild.csproj", "{8F0C206E-437D-4EE1-BC91-6ECA5F565F62}"
EndProject
Global
	GlobalSection(SolutionConfigurationPlatforms) = preSolution
		Debug|Any CPU = Debug|Any CPU
		Release|Any CPU = Release|Any CPU
	EndGlobalSection
	GlobalSection(ProjectConfigurationPlatforms) = postSolution
		{AEED0B9F-56D8-4C22-B06B-E25A790EB18C}.Debug|Any CPU.ActiveCfg = Debug|Any CPU
		{AEED0B9F-56D8-4C22-B06B-E25A790EB18C}.Debug|Any CPU.Build.0 = Debug|Any CPU
		{AEED0B9F-56D8-4C22-B06B-E25A790EB18C}.Release|Any CPU.ActiveCfg = Release|Any CPU
		{AEED0B9F-56D8-4C22-B06B-E25A790EB18C}.Release|Any CPU.Build.0 = Release|Any CPU
		{53CD4F4B-0E79-401D-94C5-6C41F3EF067E}.Debug|Any CPU.ActiveCfg = Debug|Any CPU
		{53CD4F4B-0E79-401D-94C5-6C41F3EF067E}.Debug|Any CPU.Build.0 = Debug|Any CPU
		{53CD4F4B-0E79-401D-94C5-6C41F3EF067E}.Release|Any CPU.ActiveCfg = Release|Any CPU
		{53CD4F4B-0E79-401D-94C5-6C41F3EF067E}.Release|Any CPU.Build.0 = Release|Any CPU
		{F72B92C0-73D5-4C61-9D44-F679B017FA64}.Debug|Any CPU.ActiveCfg = Debug|Any CPU
		{F72B92C0-73D5-4C61-9D44-F679B017FA64}.Debug|Any CPU.Build.0 = Debug|Any CPU
		{F72B92C0-73D5-4C61-9D44-F679B017FA64}.Release|Any CPU.ActiveCfg = Release|Any CPU
		{F72B92C0-73D5-4C61-9D44-F679B017FA64}.Release|Any CPU.Build.0 = Release|Any CPU
		{CCA5F531-A2C5-4FE2-9DA2-CB9FBB96853C}.Debug|Any CPU.ActiveCfg = Debug|Any CPU
		{CCA5F531-A2C5-4FE2-9DA2-CB9FBB96853C}.Debug|Any CPU.Build.0 = Debug|Any CPU
		{CCA5F531-A2C5-4FE2-9DA2-CB9FBB96853C}.Release|Any CPU.ActiveCfg = Release|Any CPU
		{CCA5F531-A2C5-4FE2-9DA2-CB9FBB96853C}.Release|Any CPU.Build.0 = Release|Any CPU
		{8F0C206E-437D-4EE1-BC91-6ECA5F565F62}.Debug|Any CPU.ActiveCfg = Debug|Any CPU
		{8F0C206E-437D-4EE1-BC91-6ECA5F565F62}.Debug|Any CPU.Build.0 = Debug|Any CPU
		{8F0C206E-437D-4EE1-BC91-6ECA5F565F62}.Release|Any CPU.ActiveCfg = Release|Any CPU
		{8F0C206E-437D-4EE1-BC91-6ECA5F565F62}.Release|Any CPU.Build.0 = Release|Any CPU
	EndGlobalSection
	GlobalSection(SolutionProperties) = preSolution
		HideSolutionNode = FALSE
	EndGlobalSection
	GlobalSection(ExtensibilityGlobals) = postSolution
		SolutionGuid = {86E542B7-2D8E-480E-A3C9-D1D44F54AF9D}
	EndGlobalSection
EndGlobal
